# THIS IS AN AUTOGENERATED FILE. DO NOT EDIT THIS FILE DIRECTLY.
# yarn lockfile v1


mdb-ui-kit@^3.3.0:
  version "3.3.0"
  resolved "https://registry.yarnpkg.com/mdb-ui-kit/-/mdb-ui-kit-3.3.0.tgz#05c916393ab929a3857ea6c06af5e4f2f9ccb7bc"
  integrity sha512-hl8NTS8wb788Lo2ni9WIRJsnuGroVYGMI17nYAVTapRIFshx06yJtCEAfFvPjf6d6pM1K4k/wuWKQ4CE6CTUfw==
